schema: '2.0'
stages:
  hello:
    cmd: echo 'hello world' > data/hello.txt
    outs:
    - path: data/hello.txt
      md5: 6f5902ac237024bdd0c176cb93063dc4
      size: 12
  mtcars:
    cmd: Rscript R/mtcars.R
    deps:
    - path: R/mtcars.R
      md5: 7a80d0296493b05d4d84cc12ec94e20f
      size: 124
    outs:
    - path: data/mtcars.parquet
      md5: cc1ba147effafe2e0aa844f598a7c30d
      size: 6234
  iris_sqlite:
    cmd: Rscript R/build_iris_sqlite.R
    outs:
    - path: data/iris.sqlite
      md5: 919a165fe605e7084168aafe3542c099
      size: 16384
