schema: '2.0'
stages:
  iris_sqlite:
    cmd: Rscript R/build_iris_sqlite.R
    outs:
    - path: brick/iris.sqlite
      hash: md5
      md5: 67e57780114cb33ad11358ff0ec81e18
      size: 16384
  mtcars:
    cmd: Rscript R/mtcars.R
    deps:
    - path: R/mtcars.R
      hash: md5
      md5: 3b883c1de7f2f394e7cec4ea0ea4adee
      size: 125
    outs:
    - path: brick/mtcars.parquet
      hash: md5
      md5: 0aaee11459857cc8810d8c9cd67a404a
      size: 6033
  nested_tbls:
    cmd: Rscript R/build_nested_namespace.R
    outs:
    - path: brick/rtbls/
      hash: md5
      md5: 3f8beb141d6fc1ada491afa182d4b9e9.dir
      size: 9861
      nfiles: 2
