schema: '2.0'
stages:
  hello:
    cmd: echo 'hello world' > data/hello.txt
    outs:
    - path: data/hello.txt
      md5: 6f5902ac237024bdd0c176cb93063dc4
      size: 12
  mtcars:
    cmd: Rscript R/mtcars.R
    deps:
    - path: R/mtcars.R
      md5: d8a066f6503a69a2f71ca28e2843ee00
      size: 126
    outs:
    - path: data/
      md5: df3ba85a2b0698cb93c153546183548c.dir
      size: 6234
      nfiles: 1
